
Microsoft Visual Studio Solution File, Format Version 12.00
Project("{FAE04EC0-301F-11D3-BF4B-00C04F79EFBC}") = "ftpsuploader", "ftpsuploader\ftpsuploader.csproj", "{BD23DCD0-A4F2-4EF0-9B23-3CC1FE470CAB}"
EndProject
Global
	GlobalSection(SolutionConfigurationPlatforms) = preSolution
		Debug|Any CPU = Debug|Any CPU
		Release|Any CPU = Release|Any CPU
	EndGlobalSection
	GlobalSection(ProjectConfigurationPlatforms) = postSolution
		{BD23DCD0-A4F2-4EF0-9B23-3CC1FE470CAB}.Debug|Any CPU.ActiveCfg = Debug|Any CPU
		{BD23DCD0-A4F2-4EF0-9B23-3CC1FE470CAB}.Debug|Any CPU.Build.0 = Debug|Any CPU
		{BD23DCD0-A4F2-4EF0-9B23-3CC1FE470CAB}.Release|Any CPU.ActiveCfg = Release|Any CPU
		{BD23DCD0-A4F2-4EF0-9B23-3CC1FE470CAB}.Release|Any CPU.Build.0 = Release|Any CPU
	EndGlobalSection
EndGlobal
